
Microsoft Visual Studio Solution File, Format Version 12.00
# Visual Studio Version 17
VisualStudioVersion = 17.1.32328.378
MinimumVisualStudioVersion = 10.0.40219.1
Project("{FAE04EC0-301F-11D3-BF4B-00C04F79EFBC}") = "ExerciseProgramming", "ExerciseProgramming\ExerciseProgramming.csproj", "{1C05D726-325C-417E-B50C-6905C1299837}"
EndProject
Global
	GlobalSection(SolutionConfigurationPlatforms) = preSolution
		Debug|Any CPU = Debug|Any CPU
		Release|Any CPU = Release|Any CPU
	EndGlobalSection
	GlobalSection(ProjectConfigurationPlatforms) = postSolution
		{1C05D726-325C-417E-B50C-6905C1299837}.Debug|Any CPU.ActiveCfg = Debug|Any CPU
		{1C05D726-325C-417E-B50C-6905C1299837}.Debug|Any CPU.Build.0 = Debug|Any CPU
		{1C05D726-325C-417E-B50C-6905C1299837}.Release|Any CPU.ActiveCfg = Release|Any CPU
		{1C05D726-325C-417E-B50C-6905C1299837}.Release|Any CPU.Build.0 = Release|Any CPU
	EndGlobalSection
	GlobalSection(SolutionProperties) = preSolution
		HideSolutionNode = FALSE
	EndGlobalSection
	GlobalSection(ExtensibilityGlobals) = postSolution
		SolutionGuid = {1CD762EF-E342-4F93-A7F6-87AD2865E47D}
	EndGlobalSection
EndGlobal
